// !$*UTF8*$!
{
	archiveVersion = 1;
	classes = {
	};
	objectVersion = 56;
	objects = {

/* Begin PBXBuildFile section */
		1D6F3CAF2BD1569800BE6EE3 /* DeepLink+AppCoordinator.swift in Sources */ = {isa = PBXBuildFile; fileRef = 1D6F3CAE2BD1569800BE6EE3 /* DeepLink+AppCoordinator.swift */; };
		1D6F3CB12BD15CA700BE6EE3 /* DeepLinkRoute.swift in Sources */ = {isa = PBXBuildFile; fileRef = 1D6F3CB02BD15CA700BE6EE3 /* DeepLinkRoute.swift */; };
		1DB97C382BCFA6A30031A0F5 /* SwiftUI_NavigationApp.swift in Sources */ = {isa = PBXBuildFile; fileRef = 1DB97C372BCFA6A30031A0F5 /* SwiftUI_NavigationApp.swift */; };
		1DB97C3A2BCFA6A30031A0F5 /* ContentView.swift in Sources */ = {isa = PBXBuildFile; fileRef = 1DB97C392BCFA6A30031A0F5 /* ContentView.swift */; };
		1DB97C3C2BCFA6A60031A0F5 /* Assets.xcassets in Resources */ = {isa = PBXBuildFile; fileRef = 1DB97C3B2BCFA6A60031A0F5 /* Assets.xcassets */; };
		1DB97C402BCFA6A60031A0F5 /* Preview Assets.xcassets in Resources */ = {isa = PBXBuildFile; fileRef = 1DB97C3F2BCFA6A60031A0F5 /* Preview Assets.xcassets */; };
		1DB97C472BCFA6D20031A0F5 /* AppCoordinator.swift in Sources */ = {isa = PBXBuildFile; fileRef = 1DB97C462BCFA6D20031A0F5 /* AppCoordinator.swift */; };
		1DB97C4A2BCFA6FA0031A0F5 /* DestinationFlowPage.swift in Sources */ = {isa = PBXBuildFile; fileRef = 1DB97C492BCFA6FA0031A0F5 /* DestinationFlowPage.swift */; };
		1DB97C4C2BCFA73E0031A0F5 /* NavigateViewFactory.swift in Sources */ = {isa = PBXBuildFile; fileRef = 1DB97C4B2BCFA73E0031A0F5 /* NavigateViewFactory.swift */; };
		1DB97C4F2BCFA77B0031A0F5 /* AuthPage.swift in Sources */ = {isa = PBXBuildFile; fileRef = 1DB97C4E2BCFA77B0031A0F5 /* AuthPage.swift */; };
		1DB97C512BCFA7830031A0F5 /* HomePageView.swift in Sources */ = {isa = PBXBuildFile; fileRef = 1DB97C502BCFA7830031A0F5 /* HomePageView.swift */; };
		1DB97C532BCFA7900031A0F5 /* ConnectReportPage.swift in Sources */ = {isa = PBXBuildFile; fileRef = 1DB97C522BCFA7900031A0F5 /* ConnectReportPage.swift */; };
		1DB97C572BCFA7CA0031A0F5 /* Logger.swift in Sources */ = {isa = PBXBuildFile; fileRef = 1DB97C562BCFA7CA0031A0F5 /* Logger.swift */; };
		1DB97C5A2BCFA8B20031A0F5 /* Auth+Router.swift in Sources */ = {isa = PBXBuildFile; fileRef = 1DB97C592BCFA8B10031A0F5 /* Auth+Router.swift */; };
		1DB97C5C2BCFA8C50031A0F5 /* Home+Router.swift in Sources */ = {isa = PBXBuildFile; fileRef = 1DB97C5B2BCFA8C50031A0F5 /* Home+Router.swift */; };
		1DB97C5E2BCFAA870031A0F5 /* settingsPage.swift in Sources */ = {isa = PBXBuildFile; fileRef = 1DB97C5D2BCFAA870031A0F5 /* settingsPage.swift */; };
/* End PBXBuildFile section */

/* Begin PBXFileReference section */
		1D6F3CAD2BD1562600BE6EE3 /* Info.plist */ = {isa = PBXFileReference; lastKnownFileType = text.plist; path = Info.plist; sourceTree = "<group>"; };
		1D6F3CAE2BD1569800BE6EE3 /* DeepLink+AppCoordinator.swift */ = {isa = PBXFileReference; lastKnownFileType = sourcecode.swift; path = "DeepLink+AppCoordinator.swift"; sourceTree = "<group>"; };
		1D6F3CB02BD15CA700BE6EE3 /* DeepLinkRoute.swift */ = {isa = PBXFileReference; lastKnownFileType = sourcecode.swift; path = DeepLinkRoute.swift; sourceTree = "<group>"; };
		1DB97C342BCFA6A30031A0F5 /* SwiftUI-Navigation.app */ = {isa = PBXFileReference; explicitFileType = wrapper.application; includeInIndex = 0; path = "SwiftUI-Navigation.app"; sourceTree = BUILT_PRODUCTS_DIR; };
		1DB97C372BCFA6A30031A0F5 /* SwiftUI_NavigationApp.swift */ = {isa = PBXFileReference; lastKnownFileType = sourcecode.swift; path = SwiftUI_NavigationApp.swift; sourceTree = "<group>"; };
		1DB97C392BCFA6A30031A0F5 /* ContentView.swift */ = {isa = PBXFileReference; lastKnownFileType = sourcecode.swift; path = ContentView.swift; sourceTree = "<group>"; };
		1DB97C3B2BCFA6A60031A0F5 /* Assets.xcassets */ = {isa = PBXFileReference; lastKnownFileType = folder.assetcatalog; path = Assets.xcassets; sourceTree = "<group>"; };
		1DB97C3D2BCFA6A60031A0F5 /* SwiftUI_Navigation.entitlements */ = {isa = PBXFileReference; lastKnownFileType = text.plist.entitlements; path = SwiftUI_Navigation.entitlements; sourceTree = "<group>"; };
		1DB97C3F2BCFA6A60031A0F5 /* Preview Assets.xcassets */ = {isa = PBXFileReference; lastKnownFileType = folder.assetcatalog; path = "Preview Assets.xcassets"; sourceTree = "<group>"; };
		1DB97C462BCFA6D20031A0F5 /* AppCoordinator.swift */ = {isa = PBXFileReference; lastKnownFileType = sourcecode.swift; path = AppCoordinator.swift; sourceTree = "<group>"; };
		1DB97C492BCFA6FA0031A0F5 /* DestinationFlowPage.swift */ = {isa = PBXFileReference; lastKnownFileType = sourcecode.swift; path = DestinationFlowPage.swift; sourceTree = "<group>"; };
		1DB97C4B2BCFA73E0031A0F5 /* NavigateViewFactory.swift */ = {isa = PBXFileReference; lastKnownFileType = sourcecode.swift; path = NavigateViewFactory.swift; sourceTree = "<group>"; };
		1DB97C4E2BCFA77B0031A0F5 /* AuthPage.swift */ = {isa = PBXFileReference; lastKnownFileType = sourcecode.swift; path = AuthPage.swift; sourceTree = "<group>"; };
		1DB97C502BCFA7830031A0F5 /* HomePageView.swift */ = {isa = PBXFileReference; lastKnownFileType = sourcecode.swift; path = HomePageView.swift; sourceTree = "<group>"; };
		1DB97C522BCFA7900031A0F5 /* ConnectReportPage.swift */ = {isa = PBXFileReference; lastKnownFileType = sourcecode.swift; path = ConnectReportPage.swift; sourceTree = "<group>"; };
		1DB97C562BCFA7CA0031A0F5 /* Logger.swift */ = {isa = PBXFileReference; lastKnownFileType = sourcecode.swift; path = Logger.swift; sourceTree = "<group>"; };
		1DB97C592BCFA8B10031A0F5 /* Auth+Router.swift */ = {isa = PBXFileReference; lastKnownFileType = sourcecode.swift; path = "Auth+Router.swift"; sourceTree = "<group>"; };
		1DB97C5B2BCFA8C50031A0F5 /* Home+Router.swift */ = {isa = PBXFileReference; lastKnownFileType = sourcecode.swift; path = "Home+Router.swift"; sourceTree = "<group>"; };
		1DB97C5D2BCFAA870031A0F5 /* settingsPage.swift */ = {isa = PBXFileReference; lastKnownFileType = sourcecode.swift; path = settingsPage.swift; sourceTree = "<group>"; };
/* End PBXFileReference section */

/* Begin PBXFrameworksBuildPhase section */
		1DB97C312BCFA6A30031A0F5 /* Frameworks */ = {
			isa = PBXFrameworksBuildPhase;
			buildActionMask = 2147483647;
			files = (
			);
			runOnlyForDeploymentPostprocessing = 0;
		};
/* End PBXFrameworksBuildPhase section */

/* Begin PBXGroup section */
		1DB97C2B2BCFA6A30031A0F5 = {
			isa = PBXGroup;
			children = (
				1DB97C362BCFA6A30031A0F5 /* SwiftUI-Navigation */,
				1DB97C352BCFA6A30031A0F5 /* Products */,
			);
			sourceTree = "<group>";
		};
		1DB97C352BCFA6A30031A0F5 /* Products */ = {
			isa = PBXGroup;
			children = (
				1DB97C342BCFA6A30031A0F5 /* SwiftUI-Navigation.app */,
			);
			name = Products;
			sourceTree = "<group>";
		};
		1DB97C362BCFA6A30031A0F5 /* SwiftUI-Navigation */ = {
			isa = PBXGroup;
			children = (
				1D6F3CAD2BD1562600BE6EE3 /* Info.plist */,
				1DB97C482BCFA6D60031A0F5 /* AppCoordinator */,
				1DB97C542BCFA7990031A0F5 /* App */,
				1DB97C4D2BCFA7730031A0F5 /* Views */,
				1DB97C552BCFA7C00031A0F5 /* Utils */,
				1DB97C3B2BCFA6A60031A0F5 /* Assets.xcassets */,
				1DB97C3D2BCFA6A60031A0F5 /* SwiftUI_Navigation.entitlements */,
				1DB97C3E2BCFA6A60031A0F5 /* Preview Content */,
			);
			path = "SwiftUI-Navigation";
			sourceTree = "<group>";
		};
		1DB97C3E2BCFA6A60031A0F5 /* Preview Content */ = {
			isa = PBXGroup;
			children = (
				1DB97C3F2BCFA6A60031A0F5 /* Preview Assets.xcassets */,
			);
			path = "Preview Content";
			sourceTree = "<group>";
		};
		1DB97C482BCFA6D60031A0F5 /* AppCoordinator */ = {
			isa = PBXGroup;
			children = (
				1DB97C462BCFA6D20031A0F5 /* AppCoordinator.swift */,
				1DB97C492BCFA6FA0031A0F5 /* DestinationFlowPage.swift */,
				1DB97C4B2BCFA73E0031A0F5 /* NavigateViewFactory.swift */,
				1D6F3CAE2BD1569800BE6EE3 /* DeepLink+AppCoordinator.swift */,
				1DB97C582BCFA8970031A0F5 /* Router */,
			);
			path = AppCoordinator;
			sourceTree = "<group>";
		};
		1DB97C4D2BCFA7730031A0F5 /* Views */ = {
			isa = PBXGroup;
			children = (
				1DB97C4E2BCFA77B0031A0F5 /* AuthPage.swift */,
				1DB97C502BCFA7830031A0F5 /* HomePageView.swift */,
				1DB97C522BCFA7900031A0F5 /* ConnectReportPage.swift */,
				1DB97C5D2BCFAA870031A0F5 /* settingsPage.swift */,
			);
			path = Views;
			sourceTree = "<group>";
		};
		1DB97C542BCFA7990031A0F5 /* App */ = {
			isa = PBXGroup;
			children = (
				1DB97C372BCFA6A30031A0F5 /* SwiftUI_NavigationApp.swift */,
				1DB97C392BCFA6A30031A0F5 /* ContentView.swift */,
			);
			path = App;
			sourceTree = "<group>";
		};
		1DB97C552BCFA7C00031A0F5 /* Utils */ = {
			isa = PBXGroup;
			children = (
				1DB97C562BCFA7CA0031A0F5 /* Logger.swift */,
			);
			path = Utils;
			sourceTree = "<group>";
		};
		1DB97C582BCFA8970031A0F5 /* Router */ = {
			isa = PBXGroup;
			children = (
				1D6F3CB02BD15CA700BE6EE3 /* DeepLinkRoute.swift */,
				1DB97C592BCFA8B10031A0F5 /* Auth+Router.swift */,
				1DB97C5B2BCFA8C50031A0F5 /* Home+Router.swift */,
			);
			path = Router;
			sourceTree = "<group>";
		};
/* End PBXGroup section */

/* Begin PBXNativeTarget section */
		1DB97C332BCFA6A30031A0F5 /* SwiftUI-Navigation */ = {
			isa = PBXNativeTarget;
			buildConfigurationList = 1DB97C432BCFA6A60031A0F5 /* Build configuration list for PBXNativeTarget "SwiftUI-Navigation" */;
			buildPhases = (
				1DB97C302BCFA6A30031A0F5 /* Sources */,
				1DB97C312BCFA6A30031A0F5 /* Frameworks */,
				1DB97C322BCFA6A30031A0F5 /* Resources */,
			);
			buildRules = (
			);
			dependencies = (
			);
			name = "SwiftUI-Navigation";
			productName = "SwiftUI-Navigation";
			productReference = 1DB97C342BCFA6A30031A0F5 /* SwiftUI-Navigation.app */;
			productType = "com.apple.product-type.application";
		};
/* End PBXNativeTarget section */

/* Begin PBXProject section */
		1DB97C2C2BCFA6A30031A0F5 /* Project object */ = {
			isa = PBXProject;
			attributes = {
				BuildIndependentTargetsInParallel = 1;
				LastSwiftUpdateCheck = 1530;
				LastUpgradeCheck = 1530;
				TargetAttributes = {
					1DB97C332BCFA6A30031A0F5 = {
						CreatedOnToolsVersion = 15.3;
					};
				};
			};
			buildConfigurationList = 1DB97C2F2BCFA6A30031A0F5 /* Build configuration list for PBXProject "SwiftUI-Navigation" */;
			compatibilityVersion = "Xcode 14.0";
			developmentRegion = en;
			hasScannedForEncodings = 0;
			knownRegions = (
				en,
				Base,
			);
			mainGroup = 1DB97C2B2BCFA6A30031A0F5;
			productRefGroup = 1DB97C352BCFA6A30031A0F5 /* Products */;
			projectDirPath = "";
			projectRoot = "";
			targets = (
				1DB97C332BCFA6A30031A0F5 /* SwiftUI-Navigation */,
			);
		};
/* End PBXProject section */

/* Begin PBXResourcesBuildPhase section */
		1DB97C322BCFA6A30031A0F5 /* Resources */ = {
			isa = PBXResourcesBuildPhase;
			buildActionMask = 2147483647;
			files = (
				1DB97C402BCFA6A60031A0F5 /* Preview Assets.xcassets in Resources */,
				1DB97C3C2BCFA6A60031A0F5 /* Assets.xcassets in Resources */,
			);
			runOnlyForDeploymentPostprocessing = 0;
		};
/* End PBXResourcesBuildPhase section */

/* Begin PBXSourcesBuildPhase section */
		1DB97C302BCFA6A30031A0F5 /* Sources */ = {
			isa = PBXSourcesBuildPhase;
			buildActionMask = 2147483647;
			files = (
				1DB97C4F2BCFA77B0031A0F5 /* AuthPage.swift in Sources */,
				1DB97C472BCFA6D20031A0F5 /* AppCoordinator.swift in Sources */,
				1DB97C3A2BCFA6A30031A0F5 /* ContentView.swift in Sources */,
				1D6F3CAF2BD1569800BE6EE3 /* DeepLink+AppCoordinator.swift in Sources */,
				1DB97C5E2BCFAA870031A0F5 /* settingsPage.swift in Sources */,
				1D6F3CB12BD15CA700BE6EE3 /* DeepLinkRoute.swift in Sources */,
				1DB97C4C2BCFA73E0031A0F5 /* NavigateViewFactory.swift in Sources */,
				1DB97C5C2BCFA8C50031A0F5 /* Home+Router.swift in Sources */,
				1DB97C572BCFA7CA0031A0F5 /* Logger.swift in Sources */,
				1DB97C382BCFA6A30031A0F5 /* SwiftUI_NavigationApp.swift in Sources */,
				1DB97C5A2BCFA8B20031A0F5 /* Auth+Router.swift in Sources */,
				1DB97C532BCFA7900031A0F5 /* ConnectReportPage.swift in Sources */,
				1DB97C512BCFA7830031A0F5 /* HomePageView.swift in Sources */,
				1DB97C4A2BCFA6FA0031A0F5 /* DestinationFlowPage.swift in Sources */,
			);
			runOnlyForDeploymentPostprocessing = 0;
		};
/* End PBXSourcesBuildPhase section */

/* Begin XCBuildConfiguration section */
		1DB97C412BCFA6A60031A0F5 /* Debug */ = {
			isa = XCBuildConfiguration;
			buildSettings = {
				ALWAYS_SEARCH_USER_PATHS = NO;
				ASSETCATALOG_COMPILER_GENERATE_SWIFT_ASSET_SYMBOL_EXTENSIONS = YES;
				CLANG_ANALYZER_NONNULL = YES;
				CLANG_ANALYZER_NUMBER_OBJECT_CONVERSION = YES_AGGRESSIVE;
				CLANG_CXX_LANGUAGE_STANDARD = "gnu++20";
				CLANG_ENABLE_MODULES = YES;
				CLANG_ENABLE_OBJC_ARC = YES;
				CLANG_ENABLE_OBJC_WEAK = YES;
				CLANG_WARN_BLOCK_CAPTURE_AUTORELEASING = YES;
				CLANG_WARN_BOOL_CONVERSION = YES;
				CLANG_WARN_COMMA = YES;
				CLANG_WARN_CONSTANT_CONVERSION = YES;
				CLANG_WARN_DEPRECATED_OBJC_IMPLEMENTATIONS = YES;
				CLANG_WARN_DIRECT_OBJC_ISA_USAGE = YES_ERROR;
				CLANG_WARN_DOCUMENTATION_COMMENTS = YES;
				CLANG_WARN_EMPTY_BODY = YES;
				CLANG_WARN_ENUM_CONVERSION = YES;
				CLANG_WARN_INFINITE_RECURSION = YES;
				CLANG_WARN_INT_CONVERSION = YES;
				CLANG_WARN_NON_LITERAL_NULL_CONVERSION = YES;
				CLANG_WARN_OBJC_IMPLICIT_RETAIN_SELF = YES;
				CLANG_WARN_OBJC_LITERAL_CONVERSION = YES;
				CLANG_WARN_OBJC_ROOT_CLASS = YES_ERROR;
				CLANG_WARN_QUOTED_INCLUDE_IN_FRAMEWORK_HEADER = YES;
				CLANG_WARN_RANGE_LOOP_ANALYSIS = YES;
				CLANG_WARN_STRICT_PROTOTYPES = YES;
				CLANG_WARN_SUSPICIOUS_MOVE = YES;
				CLANG_WARN_UNGUARDED_AVAILABILITY = YES_AGGRESSIVE;
				CLANG_WARN_UNREACHABLE_CODE = YES;
				CLANG_WARN__DUPLICATE_METHOD_MATCH = YES;
				COPY_PHASE_STRIP = NO;
				DEBUG_INFORMATION_FORMAT = dwarf;
				ENABLE_STRICT_OBJC_MSGSEND = YES;
				ENABLE_TESTABILITY = YES;
				ENABLE_USER_SCRIPT_SANDBOXING = YES;
				GCC_C_LANGUAGE_STANDARD = gnu17;
				GCC_DYNAMIC_NO_PIC = NO;
				GCC_NO_COMMON_BLOCKS = YES;
				GCC_OPTIMIZATION_LEVEL = 0;
				GCC_PREPROCESSOR_DEFINITIONS = (
					"DEBUG=1",
					"$(inherited)",
				);
				GCC_WARN_64_TO_32_BIT_CONVERSION = YES;
				GCC_WARN_ABOUT_RETURN_TYPE = YES_ERROR;
				GCC_WARN_UNDECLARED_SELECTOR = YES;
				GCC_WARN_UNINITIALIZED_AUTOS = YES_AGGRESSIVE;
				GCC_WARN_UNUSED_FUNCTION = YES;
				GCC_WARN_UNUSED_VARIABLE = YES;
				LOCALIZATION_PREFERS_STRING_CATALOGS = YES;
				MTL_ENABLE_DEBUG_INFO = INCLUDE_SOURCE;
				MTL_FAST_MATH = YES;
				ONLY_ACTIVE_ARCH = YES;
				SWIFT_ACTIVE_COMPILATION_CONDITIONS = "DEBUG $(inherited)";
				SWIFT_OPTIMIZATION_LEVEL = "-Onone";
			};
			name = Debug;
		};
		1DB97C422BCFA6A60031A0F5 /* Release */ = {
			isa = XCBuildConfiguration;
			buildSettings = {
				ALWAYS_SEARCH_USER_PATHS = NO;
				ASSETCATALOG_COMPILER_GENERATE_SWIFT_ASSET_SYMBOL_EXTENSIONS = YES;
				CLANG_ANALYZER_NONNULL = YES;
				CLANG_ANALYZER_NUMBER_OBJECT_CONVERSION = YES_AGGRESSIVE;
				CLANG_CXX_LANGUAGE_STANDARD = "gnu++20";
				CLANG_ENABLE_MODULES = YES;
				CLANG_ENABLE_OBJC_ARC = YES;
				CLANG_ENABLE_OBJC_WEAK = YES;
				CLANG_WARN_BLOCK_CAPTURE_AUTORELEASING = YES;
				CLANG_WARN_BOOL_CONVERSION = YES;
				CLANG_WARN_COMMA = YES;
				CLANG_WARN_CONSTANT_CONVERSION = YES;
				CLANG_WARN_DEPRECATED_OBJC_IMPLEMENTATIONS = YES;
				CLANG_WARN_DIRECT_OBJC_ISA_USAGE = YES_ERROR;
				CLANG_WARN_DOCUMENTATION_COMMENTS = YES;
				CLANG_WARN_EMPTY_BODY = YES;
				CLANG_WARN_ENUM_CONVERSION = YES;
				CLANG_WARN_INFINITE_RECURSION = YES;
				CLANG_WARN_INT_CONVERSION = YES;
				CLANG_WARN_NON_LITERAL_NULL_CONVERSION = YES;
				CLANG_WARN_OBJC_IMPLICIT_RETAIN_SELF = YES;
				CLANG_WARN_OBJC_LITERAL_CONVERSION = YES;
				CLANG_WARN_OBJC_ROOT_CLASS = YES_ERROR;
				CLANG_WARN_QUOTED_INCLUDE_IN_FRAMEWORK_HEADER = YES;
				CLANG_WARN_RANGE_LOOP_ANALYSIS = YES;
				CLANG_WARN_STRICT_PROTOTYPES = YES;
				CLANG_WARN_SUSPICIOUS_MOVE = YES;
				CLANG_WARN_UNGUARDED_AVAILABILITY = YES_AGGRESSIVE;
				CLANG_WARN_UNREACHABLE_CODE = YES;
				CLANG_WARN__DUPLICATE_METHOD_MATCH = YES;
				COPY_PHASE_STRIP = NO;
				DEBUG_INFORMATION_FORMAT = "dwarf-with-dsym";
				ENABLE_NS_ASSERTIONS = NO;
				ENABLE_STRICT_OBJC_MSGSEND = YES;
				ENABLE_USER_SCRIPT_SANDBOXING = YES;
				GCC_C_LANGUAGE_STANDARD = gnu17;
				GCC_NO_COMMON_BLOCKS = YES;
				GCC_WARN_64_TO_32_BIT_CONVERSION = YES;
				GCC_WARN_ABOUT_RETURN_TYPE = YES_ERROR;
				GCC_WARN_UNDECLARED_SELECTOR = YES;
				GCC_WARN_UNINITIALIZED_AUTOS = YES_AGGRESSIVE;
				GCC_WARN_UNUSED_FUNCTION = YES;
				GCC_WARN_UNUSED_VARIABLE = YES;
				LOCALIZATION_PREFERS_STRING_CATALOGS = YES;
				MTL_ENABLE_DEBUG_INFO = NO;
				MTL_FAST_MATH = YES;
				SWIFT_COMPILATION_MODE = wholemodule;
			};
			name = Release;
		};
		1DB97C442BCFA6A60031A0F5 /* Debug */ = {
			isa = XCBuildConfiguration;
			buildSettings = {
				ASSETCATALOG_COMPILER_APPICON_NAME = AppIcon;
				ASSETCATALOG_COMPILER_GLOBAL_ACCENT_COLOR_NAME = AccentColor;
				CODE_SIGN_ENTITLEMENTS = "SwiftUI-Navigation/SwiftUI_Navigation.entitlements";
				CODE_SIGN_STYLE = Automatic;
				CURRENT_PROJECT_VERSION = 1;
				DEVELOPMENT_ASSET_PATHS = "\"SwiftUI-Navigation/Preview Content\"";
				DEVELOPMENT_TEAM = 6P26T9HRBD;
				ENABLE_HARDENED_RUNTIME = YES;
				ENABLE_PREVIEWS = YES;
				GENERATE_INFOPLIST_FILE = YES;
				INFOPLIST_FILE = "SwiftUI-Navigation/Info.plist";
				"INFOPLIST_KEY_UIApplicationSceneManifest_Generation[sdk=iphoneos*]" = YES;
				"INFOPLIST_KEY_UIApplicationSceneManifest_Generation[sdk=iphonesimulator*]" = YES;
				"INFOPLIST_KEY_UIApplicationSupportsIndirectInputEvents[sdk=iphoneos*]" = YES;
				"INFOPLIST_KEY_UIApplicationSupportsIndirectInputEvents[sdk=iphonesimulator*]" = YES;
				"INFOPLIST_KEY_UILaunchScreen_Generation[sdk=iphoneos*]" = YES;
				"INFOPLIST_KEY_UILaunchScreen_Generation[sdk=iphonesimulator*]" = YES;
				"INFOPLIST_KEY_UIStatusBarStyle[sdk=iphoneos*]" = UIStatusBarStyleDefault;
				"INFOPLIST_KEY_UIStatusBarStyle[sdk=iphonesimulator*]" = UIStatusBarStyleDefault;
				INFOPLIST_KEY_UISupportedInterfaceOrientations_iPad = "UIInterfaceOrientationPortrait UIInterfaceOrientationPortraitUpsideDown UIInterfaceOrientationLandscapeLeft UIInterfaceOrientationLandscapeRight";
				INFOPLIST_KEY_UISupportedInterfaceOrientations_iPhone = "UIInterfaceOrientationPortrait UIInterfaceOrientationLandscapeLeft UIInterfaceOrientationLandscapeRight";
				IPHONEOS_DEPLOYMENT_TARGET = 17.4;
				LD_RUNPATH_SEARCH_PATHS = "@executable_path/Frameworks";
				"LD_RUNPATH_SEARCH_PATHS[sdk=macosx*]" = "@executable_path/../Frameworks";
				MACOSX_DEPLOYMENT_TARGET = 14.4;
				MARKETING_VERSION = 1.0;
				PRODUCT_BUNDLE_IDENTIFIER = "com.portonics.SwiftUI-Navigation";
				PRODUCT_NAME = "$(TARGET_NAME)";
				SDKROOT = auto;
				SUPPORTED_PLATFORMS = "iphoneos iphonesimulator macosx";
				SWIFT_EMIT_LOC_STRINGS = YES;
				SWIFT_VERSION = 5.0;
				TARGETED_DEVICE_FAMILY = "1,2";
			};
			name = Debug;
		};
		1DB97C452BCFA6A60031A0F5 /* Release */ = {
			isa = XCBuildConfiguration;
			buildSettings = {
				ASSETCATALOG_COMPILER_APPICON_NAME = AppIcon;
				ASSETCATALOG_COMPILER_GLOBAL_ACCENT_COLOR_NAME = AccentColor;
				CODE_SIGN_ENTITLEMENTS = "SwiftUI-Navigation/SwiftUI_Navigation.entitlements";
				CODE_SIGN_STYLE = Automatic;
				CURRENT_PROJECT_VERSION = 1;
				DEVELOPMENT_ASSET_PATHS = "\"SwiftUI-Navigation/Preview Content\"";
				DEVELOPMENT_TEAM = 6P26T9HRBD;
				ENABLE_HARDENED_RUNTIME = YES;
				ENABLE_PREVIEWS = YES;
				GENERATE_INFOPLIST_FILE = YES;
				INFOPLIST_FILE = "SwiftUI-Navigation/Info.plist";
				"INFOPLIST_KEY_UIApplicationSceneManifest_Generation[sdk=iphoneos*]" = YES;
				"INFOPLIST_KEY_UIApplicationSceneManifest_Generation[sdk=iphonesimulator*]" = YES;
				"INFOPLIST_KEY_UIApplicationSupportsIndirectInputEvents[sdk=iphoneos*]" = YES;
				"INFOPLIST_KEY_UIApplicationSupportsIndirectInputEvents[sdk=iphonesimulator*]" = YES;
				"INFOPLIST_KEY_UILaunchScreen_Generation[sdk=iphoneos*]" = YES;
				"INFOPLIST_KEY_UILaunchScreen_Generation[sdk=iphonesimulator*]" = YES;
				"INFOPLIST_KEY_UIStatusBarStyle[sdk=iphoneos*]" = UIStatusBarStyleDefault;
				"INFOPLIST_KEY_UIStatusBarStyle[sdk=iphonesimulator*]" = UIStatusBarStyleDefault;
				INFOPLIST_KEY_UISupportedInterfaceOrientations_iPad = "UIInterfaceOrientationPortrait UIInterfaceOrientationPortraitUpsideDown UIInterfaceOrientationLandscapeLeft UIInterfaceOrientationLandscapeRight";
				INFOPLIST_KEY_UISupportedInterfaceOrientations_iPhone = "UIInterfaceOrientationPortrait UIInterfaceOrientationLandscapeLeft UIInterfaceOrientationLandscapeRight";
				IPHONEOS_DEPLOYMENT_TARGET = 17.4;
				LD_RUNPATH_SEARCH_PATHS = "@executable_path/Frameworks";
				"LD_RUNPATH_SEARCH_PATHS[sdk=macosx*]" = "@executable_path/../Frameworks";
				MACOSX_DEPLOYMENT_TARGET = 14.4;
				MARKETING_VERSION = 1.0;
				PRODUCT_BUNDLE_IDENTIFIER = "com.portonics.SwiftUI-Navigation";
				PRODUCT_NAME = "$(TARGET_NAME)";
				SDKROOT = auto;
				SUPPORTED_PLATFORMS = "iphoneos iphonesimulator macosx";
				SWIFT_EMIT_LOC_STRINGS = YES;
				SWIFT_VERSION = 5.0;
				TARGETED_DEVICE_FAMILY = "1,2";
			};
			name = Release;
		};
/* End XCBuildConfiguration section */

/* Begin XCConfigurationList section */
		1DB97C2F2BCFA6A30031A0F5 /* Build configuration list for PBXProject "SwiftUI-Navigation" */ = {
			isa = XCConfigurationList;
			buildConfigurations = (
				1DB97C412BCFA6A60031A0F5 /* Debug */,
				1DB97C422BCFA6A60031A0F5 /* Release */,
			);
			defaultConfigurationIsVisible = 0;
			defaultConfigurationName = Release;
		};
		1DB97C432BCFA6A60031A0F5 /* Build configuration list for PBXNativeTarget "SwiftUI-Navigation" */ = {
			isa = XCConfigurationList;
			buildConfigurations = (
				1DB97C442BCFA6A60031A0F5 /* Debug */,
				1DB97C452BCFA6A60031A0F5 /* Release */,
			);
			defaultConfigurationIsVisible = 0;
			defaultConfigurationName = Release;
		};
/* End XCConfigurationList section */
	};
	rootObject = 1DB97C2C2BCFA6A30031A0F5 /* Project object */;
}
